
Microsoft Visual Studio Solution File, Format Version 12.00
# Visual Studio Version 17
VisualStudioVersion = 17.8.34330.188
MinimumVisualStudioVersion = 10.0.40219.1
Project("{FAE04EC0-301F-11D3-BF4B-00C04F79EFBC}") = "if4", "if4\if4.csproj", "{EF8C3D16-D82E-4209-8357-AD100A1E0B43}"
EndProject
Global
	GlobalSection(SolutionConfigurationPlatforms) = preSolution
		Debug|Any CPU = Debug|Any CPU
		Release|Any CPU = Release|Any CPU
	EndGlobalSection
	GlobalSection(ProjectConfigurationPlatforms) = postSolution
		{EF8C3D16-D82E-4209-8357-AD100A1E0B43}.Debug|Any CPU.ActiveCfg = Debug|Any CPU
		{EF8C3D16-D82E-4209-8357-AD100A1E0B43}.Debug|Any CPU.Build.0 = Debug|Any CPU
		{EF8C3D16-D82E-4209-8357-AD100A1E0B43}.Release|Any CPU.ActiveCfg = Release|Any CPU
		{EF8C3D16-D82E-4209-8357-AD100A1E0B43}.Release|Any CPU.Build.0 = Release|Any CPU
	EndGlobalSection
	GlobalSection(SolutionProperties) = preSolution
		HideSolutionNode = FALSE
	EndGlobalSection
	GlobalSection(ExtensibilityGlobals) = postSolution
		SolutionGuid = {81040C73-C17C-445A-B8E0-57A4C03E7005}
	EndGlobalSection
EndGlobal
