
Microsoft Visual Studio Solution File, Format Version 12.00
# Visual Studio Version 17
VisualStudioVersion = 17.8.34330.188
MinimumVisualStudioVersion = 10.0.40219.1
Project("{FAE04EC0-301F-11D3-BF4B-00C04F79EFBC}") = "arr2", "arr2\arr2.csproj", "{15C5B94D-F75C-41A1-9090-A2F70C0E826E}"
EndProject
Global
	GlobalSection(SolutionConfigurationPlatforms) = preSolution
		Debug|Any CPU = Debug|Any CPU
		Release|Any CPU = Release|Any CPU
	EndGlobalSection
	GlobalSection(ProjectConfigurationPlatforms) = postSolution
		{15C5B94D-F75C-41A1-9090-A2F70C0E826E}.Debug|Any CPU.ActiveCfg = Debug|Any CPU
		{15C5B94D-F75C-41A1-9090-A2F70C0E826E}.Debug|Any CPU.Build.0 = Debug|Any CPU
		{15C5B94D-F75C-41A1-9090-A2F70C0E826E}.Release|Any CPU.ActiveCfg = Release|Any CPU
		{15C5B94D-F75C-41A1-9090-A2F70C0E826E}.Release|Any CPU.Build.0 = Release|Any CPU
	EndGlobalSection
	GlobalSection(SolutionProperties) = preSolution
		HideSolutionNode = FALSE
	EndGlobalSection
	GlobalSection(ExtensibilityGlobals) = postSolution
		SolutionGuid = {8F798D46-284F-4314-BE97-9EEA525FB9BA}
	EndGlobalSection
EndGlobal
